
Microsoft Visual Studio Solution File, Format Version 12.00
# Visual Studio Version 16
VisualStudioVersion = 16.0.31402.337
MinimumVisualStudioVersion = 10.0.40219.1
Project("{FAE04EC0-301F-11D3-BF4B-00C04F79EFBC}") = "RestaurantAPI", "RestaurantAPI\RestaurantAPI.csproj", "{0D7E74E0-9CB3-40D7-BBA3-21D1219663E3}"
EndProject
Global
	GlobalSection(SolutionConfigurationPlatforms) = preSolution
		Debug|Any CPU = Debug|Any CPU
		Release|Any CPU = Release|Any CPU
	EndGlobalSection
	GlobalSection(ProjectConfigurationPlatforms) = postSolution
		{0D7E74E0-9CB3-40D7-BBA3-21D1219663E3}.Debug|Any CPU.ActiveCfg = Debug|Any CPU
		{0D7E74E0-9CB3-40D7-BBA3-21D1219663E3}.Debug|Any CPU.Build.0 = Debug|Any CPU
		{0D7E74E0-9CB3-40D7-BBA3-21D1219663E3}.Release|Any CPU.ActiveCfg = Release|Any CPU
		{0D7E74E0-9CB3-40D7-BBA3-21D1219663E3}.Release|Any CPU.Build.0 = Release|Any CPU
	EndGlobalSection
	GlobalSection(SolutionProperties) = preSolution
		HideSolutionNode = FALSE
	EndGlobalSection
	GlobalSection(ExtensibilityGlobals) = postSolution
		SolutionGuid = {90717305-3732-41A6-97AC-34B0F6767DDA}
	EndGlobalSection
EndGlobal
